
Microsoft Visual Studio Solution File, Format Version 12.00
# Visual Studio Version 17
VisualStudioVersion = 17.0.32112.339
MinimumVisualStudioVersion = 10.0.40219.1
Project("{FAE04EC0-301F-11D3-BF4B-00C04F79EFBC}") = "Variables_and_ Data_Types_ Part_1", "Variables_and_ Data_Types_ Part_1.csproj", "{D31D7EA9-6624-482B-82ED-ED71A9BD08EA}"
EndProject
Global
	GlobalSection(SolutionConfigurationPlatforms) = preSolution
		Debug|Any CPU = Debug|Any CPU
		Release|Any CPU = Release|Any CPU
	EndGlobalSection
	GlobalSection(ProjectConfigurationPlatforms) = postSolution
		{D31D7EA9-6624-482B-82ED-ED71A9BD08EA}.Debug|Any CPU.ActiveCfg = Debug|Any CPU
		{D31D7EA9-6624-482B-82ED-ED71A9BD08EA}.Debug|Any CPU.Build.0 = Debug|Any CPU
		{D31D7EA9-6624-482B-82ED-ED71A9BD08EA}.Release|Any CPU.ActiveCfg = Release|Any CPU
		{D31D7EA9-6624-482B-82ED-ED71A9BD08EA}.Release|Any CPU.Build.0 = Release|Any CPU
	EndGlobalSection
	GlobalSection(SolutionProperties) = preSolution
		HideSolutionNode = FALSE
	EndGlobalSection
	GlobalSection(ExtensibilityGlobals) = postSolution
		SolutionGuid = {13FFD9AE-5674-438A-8C0D-5397179B992E}
	EndGlobalSection
EndGlobal
