
Microsoft Visual Studio Solution File, Format Version 12.00
# Visual Studio Version 17
VisualStudioVersion = 17.0.32112.339
MinimumVisualStudioVersion = 10.0.40219.1
Project("{FAE04EC0-301F-11D3-BF4B-00C04F79EFBC}") = "ConsoleAppAssignment", "ConsoleAppAssignment.csproj", "{4008F517-71B1-4345-978A-D5BA4C66FB86}"
EndProject
Global
	GlobalSection(SolutionConfigurationPlatforms) = preSolution
		Debug|Any CPU = Debug|Any CPU
		Release|Any CPU = Release|Any CPU
	EndGlobalSection
	GlobalSection(ProjectConfigurationPlatforms) = postSolution
		{4008F517-71B1-4345-978A-D5BA4C66FB86}.Debug|Any CPU.ActiveCfg = Debug|Any CPU
		{4008F517-71B1-4345-978A-D5BA4C66FB86}.Debug|Any CPU.Build.0 = Debug|Any CPU
		{4008F517-71B1-4345-978A-D5BA4C66FB86}.Release|Any CPU.ActiveCfg = Release|Any CPU
		{4008F517-71B1-4345-978A-D5BA4C66FB86}.Release|Any CPU.Build.0 = Release|Any CPU
	EndGlobalSection
	GlobalSection(SolutionProperties) = preSolution
		HideSolutionNode = FALSE
	EndGlobalSection
	GlobalSection(ExtensibilityGlobals) = postSolution
		SolutionGuid = {0F21C62F-13B2-4810-9C5A-FDF60B44133F}
	EndGlobalSection
EndGlobal
